
Microsoft Visual Studio Solution File, Format Version 12.00
# Visual Studio Version 17
VisualStudioVersion = 17.7.34031.279
MinimumVisualStudioVersion = 10.0.40219.1
Project("{FAE04EC0-301F-11D3-BF4B-00C04F79EFBC}") = "PrimeiroProjeto", "PrimeiroProjeto\PrimeiroProjeto.csproj", "{7FE11353-4581-4A58-BD26-E9DEED538DD3}"
EndProject
Global
	GlobalSection(SolutionConfigurationPlatforms) = preSolution
		Debug|Any CPU = Debug|Any CPU
		Release|Any CPU = Release|Any CPU
	EndGlobalSection
	GlobalSection(ProjectConfigurationPlatforms) = postSolution
		{7FE11353-4581-4A58-BD26-E9DEED538DD3}.Debug|Any CPU.ActiveCfg = Debug|Any CPU
		{7FE11353-4581-4A58-BD26-E9DEED538DD3}.Debug|Any CPU.Build.0 = Debug|Any CPU
		{7FE11353-4581-4A58-BD26-E9DEED538DD3}.Release|Any CPU.ActiveCfg = Release|Any CPU
		{7FE11353-4581-4A58-BD26-E9DEED538DD3}.Release|Any CPU.Build.0 = Release|Any CPU
	EndGlobalSection
	GlobalSection(SolutionProperties) = preSolution
		HideSolutionNode = FALSE
	EndGlobalSection
	GlobalSection(ExtensibilityGlobals) = postSolution
		SolutionGuid = {B4CF0B38-4645-4DBD-9801-E3939918AFE4}
	EndGlobalSection
EndGlobal
